
Microsoft Visual Studio Solution File, Format Version 12.00
# Visual Studio Version 16
VisualStudioVersion = 16.0.31702.278
MinimumVisualStudioVersion = 10.0.40219.1
Project("{8BC9CEB8-8B4A-11D0-8D11-00A0C91BC942}") = "Project3", "Project3\Project3.vcxproj", "{18166CF0-2D16-466C-8200-E7944EDEE51C}"
EndProject
Project("{2150E333-8FDC-42A3-9474-1A3956D46DE8}") = "Solution Items", "Solution Items", "{CF3886D3-C17C-4708-A851-83DEBCF7B970}"
	ProjectSection(SolutionItems) = preProject
		Project3\edges.csv = Project3\edges.csv
		Project3\named-places.txt = Project3\named-places.txt
	EndProjectSection
EndProject
Global
	GlobalSection(SolutionConfigurationPlatforms) = preSolution
		Debug|x64 = Debug|x64
		Debug|x86 = Debug|x86
		Release|x64 = Release|x64
		Release|x86 = Release|x86
	EndGlobalSection
	GlobalSection(ProjectConfigurationPlatforms) = postSolution
		{18166CF0-2D16-466C-8200-E7944EDEE51C}.Debug|x64.ActiveCfg = Debug|x64
		{18166CF0-2D16-466C-8200-E7944EDEE51C}.Debug|x64.Build.0 = Debug|x64
		{18166CF0-2D16-466C-8200-E7944EDEE51C}.Debug|x86.ActiveCfg = Debug|Win32
		{18166CF0-2D16-466C-8200-E7944EDEE51C}.Debug|x86.Build.0 = Debug|Win32
		{18166CF0-2D16-466C-8200-E7944EDEE51C}.Release|x64.ActiveCfg = Release|x64
		{18166CF0-2D16-466C-8200-E7944EDEE51C}.Release|x64.Build.0 = Release|x64
		{18166CF0-2D16-466C-8200-E7944EDEE51C}.Release|x86.ActiveCfg = Release|Win32
		{18166CF0-2D16-466C-8200-E7944EDEE51C}.Release|x86.Build.0 = Release|Win32
	EndGlobalSection
	GlobalSection(SolutionProperties) = preSolution
		HideSolutionNode = FALSE
	EndGlobalSection
	GlobalSection(ExtensibilityGlobals) = postSolution
		SolutionGuid = {CF0A1DFD-52C8-42FF-9F88-D5ADBDA441F3}
	EndGlobalSection
EndGlobal
